
Microsoft Visual Studio Solution File, Format Version 12.00
Project("{FAE04EC0-301F-11D3-BF4B-00C04F79EFBC}") = "TinkerFlow.API", "TinkerFlow.API\TinkerFlow.API.csproj", "{C1C8AD49-30C8-4789-926A-156663413957}"
EndProject
Project("{FAE04EC0-301F-11D3-BF4B-00C04F79EFBC}") = "TinkerFlow.Infrastructure", "TinkerFlow.Infrastructure\TinkerFlow.Infrastructure.csproj", "{B28D01EE-E2D1-4C3B-88F4-531A2AC86644}"
EndProject
Project("{FAE04EC0-301F-11D3-BF4B-00C04F79EFBC}") = "TinkerFlow.Domain", "TinkerFlow.Domain\TinkerFlow.Domain.csproj", "{BC18EBC7-5F8D-4F25-8293-AF089052F812}"
EndProject
Project("{2150E333-8FDC-42A3-9474-1A3956D46DE8}") = "Solution Items", "Solution Items", "{CA9AA3BB-2046-4FC3-BAD5-BA379B18327E}"
	ProjectSection(SolutionItems) = preProject
		docker-compose.db.yaml = docker-compose.db.yaml
		docker-compose.yml = docker-compose.yml
	EndProjectSection
EndProject
Global
	GlobalSection(SolutionConfigurationPlatforms) = preSolution
		Debug|Any CPU = Debug|Any CPU
		Release|Any CPU = Release|Any CPU
	EndGlobalSection
	GlobalSection(ProjectConfigurationPlatforms) = postSolution
		{C1C8AD49-30C8-4789-926A-156663413957}.Debug|Any CPU.ActiveCfg = Debug|Any CPU
		{C1C8AD49-30C8-4789-926A-156663413957}.Debug|Any CPU.Build.0 = Debug|Any CPU
		{C1C8AD49-30C8-4789-926A-156663413957}.Release|Any CPU.ActiveCfg = Release|Any CPU
		{C1C8AD49-30C8-4789-926A-156663413957}.Release|Any CPU.Build.0 = Release|Any CPU
		{B28D01EE-E2D1-4C3B-88F4-531A2AC86644}.Debug|Any CPU.ActiveCfg = Debug|Any CPU
		{B28D01EE-E2D1-4C3B-88F4-531A2AC86644}.Debug|Any CPU.Build.0 = Debug|Any CPU
		{B28D01EE-E2D1-4C3B-88F4-531A2AC86644}.Release|Any CPU.ActiveCfg = Release|Any CPU
		{B28D01EE-E2D1-4C3B-88F4-531A2AC86644}.Release|Any CPU.Build.0 = Release|Any CPU
		{BC18EBC7-5F8D-4F25-8293-AF089052F812}.Debug|Any CPU.ActiveCfg = Debug|Any CPU
		{BC18EBC7-5F8D-4F25-8293-AF089052F812}.Debug|Any CPU.Build.0 = Debug|Any CPU
		{BC18EBC7-5F8D-4F25-8293-AF089052F812}.Release|Any CPU.ActiveCfg = Release|Any CPU
		{BC18EBC7-5F8D-4F25-8293-AF089052F812}.Release|Any CPU.Build.0 = Release|Any CPU
	EndGlobalSection
EndGlobal
